
Microsoft Visual Studio Solution File, Format Version 12.00
# Visual Studio Version 17
VisualStudioVersion = 17.5.002.0
MinimumVisualStudioVersion = 10.0.40219.1
Project("{9A19103F-16F7-4668-BE54-9A1E7A4F7556}") = "aafeben", "aafeben.csproj", "{D15A07F9-81E1-4ED5-B374-B217D2FBAAEC}"
EndProject
Global
	GlobalSection(SolutionConfigurationPlatforms) = preSolution
		Debug|Any CPU = Debug|Any CPU
		Release|Any CPU = Release|Any CPU
	EndGlobalSection
	GlobalSection(ProjectConfigurationPlatforms) = postSolution
		{D15A07F9-81E1-4ED5-B374-B217D2FBAAEC}.Debug|Any CPU.ActiveCfg = Debug|Any CPU
		{D15A07F9-81E1-4ED5-B374-B217D2FBAAEC}.Debug|Any CPU.Build.0 = Debug|Any CPU
		{D15A07F9-81E1-4ED5-B374-B217D2FBAAEC}.Release|Any CPU.ActiveCfg = Release|Any CPU
		{D15A07F9-81E1-4ED5-B374-B217D2FBAAEC}.Release|Any CPU.Build.0 = Release|Any CPU
	EndGlobalSection
	GlobalSection(SolutionProperties) = preSolution
		HideSolutionNode = FALSE
	EndGlobalSection
	GlobalSection(ExtensibilityGlobals) = postSolution
		SolutionGuid = {879E409A-0F5D-4981-BAA8-B59618C9DA9A}
	EndGlobalSection
EndGlobal
